
Microsoft Visual Studio Solution File, Format Version 12.00
# Visual Studio Version 17
VisualStudioVersion = 17.9.34723.18
MinimumVisualStudioVersion = 10.0.40219.1
Project("{8BC9CEB8-8B4A-11D0-8D11-00A0C91BC942}") = "2DActionGameProject", "2DActionGameProject.vcxproj", "{B0481B17-D7E0-4A75-88A2-46C79C4EDF62}"
EndProject
Global
	GlobalSection(SolutionConfigurationPlatforms) = preSolution
		Debug|x64 = Debug|x64
		Debug|x86 = Debug|x86
		Release|x64 = Release|x64
		Release|x86 = Release|x86
	EndGlobalSection
	GlobalSection(ProjectConfigurationPlatforms) = postSolution
		{B0481B17-D7E0-4A75-88A2-46C79C4EDF62}.Debug|x64.ActiveCfg = Debug|x64
		{B0481B17-D7E0-4A75-88A2-46C79C4EDF62}.Debug|x64.Build.0 = Debug|x64
		{B0481B17-D7E0-4A75-88A2-46C79C4EDF62}.Debug|x86.ActiveCfg = Debug|Win32
		{B0481B17-D7E0-4A75-88A2-46C79C4EDF62}.Debug|x86.Build.0 = Debug|Win32
		{B0481B17-D7E0-4A75-88A2-46C79C4EDF62}.Release|x64.ActiveCfg = Release|x64
		{B0481B17-D7E0-4A75-88A2-46C79C4EDF62}.Release|x64.Build.0 = Release|x64
		{B0481B17-D7E0-4A75-88A2-46C79C4EDF62}.Release|x86.ActiveCfg = Release|Win32
		{B0481B17-D7E0-4A75-88A2-46C79C4EDF62}.Release|x86.Build.0 = Release|Win32
	EndGlobalSection
	GlobalSection(SolutionProperties) = preSolution
		HideSolutionNode = FALSE
	EndGlobalSection
	GlobalSection(ExtensibilityGlobals) = postSolution
		SolutionGuid = {02AC0301-3C48-44F6-BE01-16852965A296}
	EndGlobalSection
EndGlobal
